speakeasyVersion: 1.310.0
sources:
    python-sdk-source-github-main:
        sourceNamespace: python-sdk-source-github-main
        sourceRevisionDigest: sha256:8ec5a62a80d83a75db12dc1aa1cdb5b7cc8ff29c688a7770816cdf100e568cf5
        sourceBlobDigest: sha256:5f843b455abc0e3b59d54706bc682e47e66692c927159b771e688a45f0e47630
        tags:
            - latest
            - main
targets:
    my-first-target:
        source: python-sdk-source-github-main
        sourceNamespace: python-sdk-source-github-main
        sourceRevisionDigest: sha256:8ec5a62a80d83a75db12dc1aa1cdb5b7cc8ff29c688a7770816cdf100e568cf5
        sourceBlobDigest: sha256:5f843b455abc0e3b59d54706bc682e47e66692c927159b771e688a45f0e47630
        outLocation: /github/workspace/repo
workflow:
    workflowVersion: 1.0.0
    speakeasyVersion: latest
    sources:
        python-sdk-source-github-main:
            inputs:
                - location: https://raw.githubusercontent.com/panoratech/Panora/main/packages/api/swagger/swagger-spec.json
            registry:
                location: registry.speakeasyapi.dev/panora/panora/python-sdk-source-github-main
    targets:
        my-first-target:
            target: python
            source: python-sdk-source-github-main
