speakeasyVersion: 1.325.0
sources:
    python-sdk-source-github-main:
        sourceNamespace: python-sdk-source-github-main
        sourceRevisionDigest: sha256:c53ee51af5c47d55c7a6fc04a06e69bcab87025bf2b13e0f44377626caa4f351
        sourceBlobDigest: sha256:939b3b8e0db88a226dfae9d77d298374589ac688ad31efab8095f23dbbaad91e
        tags:
            - latest
            - main
targets:
    my-first-target:
        source: python-sdk-source-github-main
        sourceNamespace: python-sdk-source-github-main
        sourceRevisionDigest: sha256:c53ee51af5c47d55c7a6fc04a06e69bcab87025bf2b13e0f44377626caa4f351
        sourceBlobDigest: sha256:939b3b8e0db88a226dfae9d77d298374589ac688ad31efab8095f23dbbaad91e
        outLocation: /github/workspace/repo
workflow:
    workflowVersion: 1.0.0
    speakeasyVersion: latest
    sources:
        python-sdk-source-github-main:
            inputs:
                - location: https://raw.githubusercontent.com/panoratech/Panora/main/packages/api/swagger/swagger-spec.json
            registry:
                location: registry.speakeasyapi.dev/panora/panora/python-sdk-source-github-main
    targets:
        my-first-target:
            target: python
            source: python-sdk-source-github-main
